
Microsoft Visual Studio Solution File, Format Version 12.00
# Visual Studio Version 16
VisualStudioVersion = 16.0.31105.61
MinimumVisualStudioVersion = 10.0.40219.1
Project("{FAE04EC0-301F-11D3-BF4B-00C04F79EFBC}") = "SportsStore", "SportsStore\SportsStore.csproj", "{ABCF3ED2-A61E-404D-A04F-27FB1990F396}"
EndProject
Global
	GlobalSection(SolutionConfigurationPlatforms) = preSolution
		Debug|Any CPU = Debug|Any CPU
		Release|Any CPU = Release|Any CPU
	EndGlobalSection
	GlobalSection(ProjectConfigurationPlatforms) = postSolution
		{ABCF3ED2-A61E-404D-A04F-27FB1990F396}.Debug|Any CPU.ActiveCfg = Debug|Any CPU
		{ABCF3ED2-A61E-404D-A04F-27FB1990F396}.Debug|Any CPU.Build.0 = Debug|Any CPU
		{ABCF3ED2-A61E-404D-A04F-27FB1990F396}.Release|Any CPU.ActiveCfg = Release|Any CPU
		{ABCF3ED2-A61E-404D-A04F-27FB1990F396}.Release|Any CPU.Build.0 = Release|Any CPU
	EndGlobalSection
	GlobalSection(SolutionProperties) = preSolution
		HideSolutionNode = FALSE
	EndGlobalSection
	GlobalSection(ExtensibilityGlobals) = postSolution
		SolutionGuid = {5BAF0008-1C93-4878-B096-B2E2EDE514A3}
	EndGlobalSection
EndGlobal
